PODS:
  - Realm (3.11.0):
    - Realm/Headers (= 3.11.0)
  - Realm/Headers (3.11.0)
  - RealmSwift (3.11.0):
    - Realm (= 3.11.0)
  - SwipeCellKit (2.4.3)

DEPENDENCIES:
  - RealmSwift
  - SwipeCellKit (= 2.4.3)

SPEC REPOS:
  https://github.com/CocoaPods/Specs.git:
    - Realm
    - RealmSwift
    - SwipeCellKit

SPEC CHECKSUMS:
  Realm: 92f09a102692b96a9a10e9617f214f15c5ab85fc
  RealmSwift: 5f0481cd658bb751c509314b964a35eaa264d2cf
  SwipeCellKit: cee9906e6d3a36e22ad1a852fba7f8fa0839d113

PODFILE CHECKSUM: db67143907288ce556405c74ee78eacdd6622cbb

COCOAPODS: 1.5.0
