// !$*UTF8*$!
{
	archiveVersion = 1;
	classes = {
	};
	objectVersion = 50;
	objects = {

/* Begin PBXBuildFile section */
		E518C003218D7958000A3A05 /* Digital Dismay.otf in Resources */ = {isa = PBXBuildFile; fileRef = E518C002218D7946000A3A05 /* Digital Dismay.otf */; };
		E52D47CE2255FBCC007F201E /* ShotClockSmallButton.swift in Sources */ = {isa = PBXBuildFile; fileRef = E52D47CD2255FBCC007F201E /* ShotClockSmallButton.swift */; };
		E52D47D022569556007F201E /* UIColor+.swift in Sources */ = {isa = PBXBuildFile; fileRef = E52D47CF22569556007F201E /* UIColor+.swift */; };
		E52D47D22256BD40007F201E /* AlertDialog.swift in Sources */ = {isa = PBXBuildFile; fileRef = E52D47D12256BD40007F201E /* AlertDialog.swift */; };
		E52D47DA2258D8CF007F201E /* ScoreView.swift in Sources */ = {isa = PBXBuildFile; fileRef = E52D47D92258D8CF007F201E /* ScoreView.swift */; };
		E52D47DE22593849007F201E /* ShotClockView.swift in Sources */ = {isa = PBXBuildFile; fileRef = E52D47DD22593849007F201E /* ShotClockView.swift */; };
		E52D47E02259D8FE007F201E /* GameTimeView.swift in Sources */ = {isa = PBXBuildFile; fileRef = E52D47DF2259D8FE007F201E /* GameTimeView.swift */; };
		E52D47E2225AF86A007F201E /* ShotClockLabel.swift in Sources */ = {isa = PBXBuildFile; fileRef = E52D47E1225AF86A007F201E /* ShotClockLabel.swift */; };
		E52D47EF225D80DD007F201E /* PossesionImageView.swift in Sources */ = {isa = PBXBuildFile; fileRef = E52D47EE225D80DD007F201E /* PossesionImageView.swift */; };
		E52D47F1225D89D9007F201E /* FoulCountImageView.swift in Sources */ = {isa = PBXBuildFile; fileRef = E52D47F0225D89D9007F201E /* FoulCountImageView.swift */; };
		E52D47F32262962C007F201E /* GameTimeLabel.swift in Sources */ = {isa = PBXBuildFile; fileRef = E52D47F22262962C007F201E /* GameTimeLabel.swift */; };
		E53C9F5122E122C300F9162C /* Localizable.strings in Resources */ = {isa = PBXBuildFile; fileRef = E53C9F5322E122C300F9162C /* Localizable.strings */; };
		E57200362145B2ED00F84254 /* AppDelegate.swift in Sources */ = {isa = PBXBuildFile; fileRef = E57200352145B2ED00F84254 /* AppDelegate.swift */; };
		E57200382145B2ED00F84254 /* MainViewController.swift in Sources */ = {isa = PBXBuildFile; fileRef = E57200372145B2ED00F84254 /* MainViewController.swift */; };
		E572003D2145B2EF00F84254 /* Assets.xcassets in Resources */ = {isa = PBXBuildFile; fileRef = E572003C2145B2EF00F84254 /* Assets.xcassets */; };
		E57200402145B2EF00F84254 /* LaunchScreen.storyboard in Resources */ = {isa = PBXBuildFile; fileRef = E572003E2145B2EF00F84254 /* LaunchScreen.storyboard */; };
		E57408A521571AB800C32479 /* ResetButton.swift in Sources */ = {isa = PBXBuildFile; fileRef = E57408A421571AB800C32479 /* ResetButton.swift */; };
		E57408A7215773EA00C32479 /* ControlButton.swift in Sources */ = {isa = PBXBuildFile; fileRef = E57408A6215773EA00C32479 /* ControlButton.swift */; };
		E57408E12160B7FA00C32479 /* ScoreLabel.swift in Sources */ = {isa = PBXBuildFile; fileRef = E57408E02160B7FA00C32479 /* ScoreLabel.swift */; };
		E57408E32160BA7B00C32479 /* TeamLabel.swift in Sources */ = {isa = PBXBuildFile; fileRef = E57408E22160BA7B00C32479 /* TeamLabel.swift */; };
		E57408F421674F1B00C32479 /* DateFormatter+.swift in Sources */ = {isa = PBXBuildFile; fileRef = E57408F321674F1B00C32479 /* DateFormatter+.swift */; };
		E57408F92167F04A00C32479 /* UITextField+.swift in Sources */ = {isa = PBXBuildFile; fileRef = E57408F82167F04A00C32479 /* UITextField+.swift */; };
		E5925FEF2156F78100DEE34F /* ScoreSmallButton.swift in Sources */ = {isa = PBXBuildFile; fileRef = E5925FEE2156F78100DEE34F /* ScoreSmallButton.swift */; };
		E5A4B01C2155C31F0014BC65 /* AVFoundation.framework in Frameworks */ = {isa = PBXBuildFile; fileRef = E5A4B01B2155C31F0014BC65 /* AVFoundation.framework */; };
		E5ADEBAC234943B8004B7471 /* buzzer.mp3 in Resources */ = {isa = PBXBuildFile; fileRef = E5ADEBAB234943B8004B7471 /* buzzer.mp3 */; };
		E5C87A6922E09F7A00E41A3A /* BuzzerButton.swift in Sources */ = {isa = PBXBuildFile; fileRef = E5C87A6822E09F7A00E41A3A /* BuzzerButton.swift */; };
		E5C87A7222E107E000E41A3A /* String+.swift in Sources */ = {isa = PBXBuildFile; fileRef = E5C87A7122E107E000E41A3A /* String+.swift */; };
		E5C87A7422E1080E00E41A3A /* UIImage+.swift in Sources */ = {isa = PBXBuildFile; fileRef = E5C87A7322E1080E00E41A3A /* UIImage+.swift */; };
/* End PBXBuildFile section */

/* Begin PBXFileReference section */
		E518C002218D7946000A3A05 /* Digital Dismay.otf */ = {isa = PBXFileReference; lastKnownFileType = file; path = "Digital Dismay.otf"; sourceTree = "<group>"; };
		E52D47CD2255FBCC007F201E /* ShotClockSmallButton.swift */ = {isa = PBXFileReference; lastKnownFileType = sourcecode.swift; path = ShotClockSmallButton.swift; sourceTree = "<group>"; };
		E52D47CF22569556007F201E /* UIColor+.swift */ = {isa = PBXFileReference; lastKnownFileType = sourcecode.swift; path = "UIColor+.swift"; sourceTree = "<group>"; };
		E52D47D12256BD40007F201E /* AlertDialog.swift */ = {isa = PBXFileReference; lastKnownFileType = sourcecode.swift; path = AlertDialog.swift; sourceTree = "<group>"; };
		E52D47D92258D8CF007F201E /* ScoreView.swift */ = {isa = PBXFileReference; lastKnownFileType = sourcecode.swift; path = ScoreView.swift; sourceTree = "<group>"; };
		E52D47DD22593849007F201E /* ShotClockView.swift */ = {isa = PBXFileReference; lastKnownFileType = sourcecode.swift; path = ShotClockView.swift; sourceTree = "<group>"; };
		E52D47DF2259D8FE007F201E /* GameTimeView.swift */ = {isa = PBXFileReference; lastKnownFileType = sourcecode.swift; path = GameTimeView.swift; sourceTree = "<group>"; };
		E52D47E1225AF86A007F201E /* ShotClockLabel.swift */ = {isa = PBXFileReference; lastKnownFileType = sourcecode.swift; path = ShotClockLabel.swift; sourceTree = "<group>"; };
		E52D47EE225D80DD007F201E /* PossesionImageView.swift */ = {isa = PBXFileReference; lastKnownFileType = sourcecode.swift; path = PossesionImageView.swift; sourceTree = "<group>"; };
		E52D47F0225D89D9007F201E /* FoulCountImageView.swift */ = {isa = PBXFileReference; lastKnownFileType = sourcecode.swift; path = FoulCountImageView.swift; sourceTree = "<group>"; };
		E52D47F22262962C007F201E /* GameTimeLabel.swift */ = {isa = PBXFileReference; lastKnownFileType = sourcecode.swift; path = GameTimeLabel.swift; sourceTree = "<group>"; };
		E53C9F5222E122C300F9162C /* en */ = {isa = PBXFileReference; lastKnownFileType = text.plist.strings; name = en; path = en.lproj/Localizable.strings; sourceTree = "<group>"; };
		E53C9F5422E122C600F9162C /* ja */ = {isa = PBXFileReference; lastKnownFileType = text.plist.strings; name = ja; path = ja.lproj/Localizable.strings; sourceTree = "<group>"; };
		E57200322145B2ED00F84254 /* basket-manager.app */ = {isa = PBXFileReference; explicitFileType = wrapper.application; includeInIndex = 0; path = "basket-manager.app"; sourceTree = BUILT_PRODUCTS_DIR; };
		E57200352145B2ED00F84254 /* AppDelegate.swift */ = {isa = PBXFileReference; lastKnownFileType = sourcecode.swift; path = AppDelegate.swift; sourceTree = "<group>"; };
		E57200372145B2ED00F84254 /* MainViewController.swift */ = {isa = PBXFileReference; lastKnownFileType = sourcecode.swift; path = MainViewController.swift; sourceTree = "<group>"; };
		E572003C2145B2EF00F84254 /* Assets.xcassets */ = {isa = PBXFileReference; lastKnownFileType = folder.assetcatalog; path = Assets.xcassets; sourceTree = "<group>"; };
		E572003F2145B2EF00F84254 /* Base */ = {isa = PBXFileReference; lastKnownFileType = file.storyboard; name = Base; path = Base.lproj/LaunchScreen.storyboard; sourceTree = "<group>"; };
		E57200412145B2EF00F84254 /* Info.plist */ = {isa = PBXFileReference; lastKnownFileType = text.plist.xml; path = Info.plist; sourceTree = "<group>"; };
		E57408A421571AB800C32479 /* ResetButton.swift */ = {isa = PBXFileReference; lastKnownFileType = sourcecode.swift; path = ResetButton.swift; sourceTree = "<group>"; };
		E57408A6215773EA00C32479 /* ControlButton.swift */ = {isa = PBXFileReference; lastKnownFileType = sourcecode.swift; path = ControlButton.swift; sourceTree = "<group>"; };
		E57408E02160B7FA00C32479 /* ScoreLabel.swift */ = {isa = PBXFileReference; lastKnownFileType = sourcecode.swift; path = ScoreLabel.swift; sourceTree = "<group>"; };
		E57408E22160BA7B00C32479 /* TeamLabel.swift */ = {isa = PBXFileReference; lastKnownFileType = sourcecode.swift; path = TeamLabel.swift; sourceTree = "<group>"; };
		E57408F321674F1B00C32479 /* DateFormatter+.swift */ = {isa = PBXFileReference; lastKnownFileType = sourcecode.swift; path = "DateFormatter+.swift"; sourceTree = "<group>"; };
		E57408F82167F04A00C32479 /* UITextField+.swift */ = {isa = PBXFileReference; lastKnownFileType = sourcecode.swift; path = "UITextField+.swift"; sourceTree = "<group>"; };
		E5925FEE2156F78100DEE34F /* ScoreSmallButton.swift */ = {isa = PBXFileReference; lastKnownFileType = sourcecode.swift; path = ScoreSmallButton.swift; sourceTree = "<group>"; };
		E5A4B01B2155C31F0014BC65 /* AVFoundation.framework */ = {isa = PBXFileReference; lastKnownFileType = wrapper.framework; name = AVFoundation.framework; path = System/Library/Frameworks/AVFoundation.framework; sourceTree = SDKROOT; };
		E5ADEBAB234943B8004B7471 /* buzzer.mp3 */ = {isa = PBXFileReference; lastKnownFileType = audio.mp3; path = buzzer.mp3; sourceTree = "<group>"; };
		E5C87A6822E09F7A00E41A3A /* BuzzerButton.swift */ = {isa = PBXFileReference; lastKnownFileType = sourcecode.swift; path = BuzzerButton.swift; sourceTree = "<group>"; };
		E5C87A6F22E1049000E41A3A /* ja */ = {isa = PBXFileReference; lastKnownFileType = text.plist.strings; name = ja; path = ja.lproj/LaunchScreen.strings; sourceTree = "<group>"; };
		E5C87A7122E107E000E41A3A /* String+.swift */ = {isa = PBXFileReference; lastKnownFileType = sourcecode.swift; path = "String+.swift"; sourceTree = "<group>"; };
		E5C87A7322E1080E00E41A3A /* UIImage+.swift */ = {isa = PBXFileReference; lastKnownFileType = sourcecode.swift; path = "UIImage+.swift"; sourceTree = "<group>"; };
/* End PBXFileReference section */

/* Begin PBXFrameworksBuildPhase section */
		E572002F2145B2ED00F84254 /* Frameworks */ = {
			isa = PBXFrameworksBuildPhase;
			buildActionMask = 2147483647;
			files = (
				E5A4B01C2155C31F0014BC65 /* AVFoundation.framework in Frameworks */,
			);
			runOnlyForDeploymentPostprocessing = 0;
		};
/* End PBXFrameworksBuildPhase section */

/* Begin PBXGroup section */
		E52D47DB225934E9007F201E /* View */ = {
			isa = PBXGroup;
			children = (
				E52D47DD22593849007F201E /* ShotClockView.swift */,
				E52D47DF2259D8FE007F201E /* GameTimeView.swift */,
				E52D47D92258D8CF007F201E /* ScoreView.swift */,
			);
			path = View;
			sourceTree = "<group>";
		};
		E57200292145B2ED00F84254 = {
			isa = PBXGroup;
			children = (
				E57200342145B2ED00F84254 /* basket-manager */,
				E57200332145B2ED00F84254 /* Products */,
				E5A4B01A2155C31E0014BC65 /* Frameworks */,
			);
			sourceTree = "<group>";
		};
		E57200332145B2ED00F84254 /* Products */ = {
			isa = PBXGroup;
			children = (
				E57200322145B2ED00F84254 /* basket-manager.app */,
			);
			name = Products;
			sourceTree = "<group>";
		};
		E57200342145B2ED00F84254 /* basket-manager */ = {
			isa = PBXGroup;
			children = (
				E57200352145B2ED00F84254 /* AppDelegate.swift */,
				E57200372145B2ED00F84254 /* MainViewController.swift */,
				E572003E2145B2EF00F84254 /* LaunchScreen.storyboard */,
				E5ADEBAB234943B8004B7471 /* buzzer.mp3 */,
				E518C002218D7946000A3A05 /* Digital Dismay.otf */,
				E53C9F5322E122C300F9162C /* Localizable.strings */,
				E52D47DB225934E9007F201E /* View */,
				E5740903216B904D00C32479 /* Component */,
				E57408F221674F0000C32479 /* Extension */,
				E572003C2145B2EF00F84254 /* Assets.xcassets */,
				E57200412145B2EF00F84254 /* Info.plist */,
			);
			path = "basket-manager";
			sourceTree = "<group>";
		};
		E57408F221674F0000C32479 /* Extension */ = {
			isa = PBXGroup;
			children = (
				E57408F321674F1B00C32479 /* DateFormatter+.swift */,
				E57408F82167F04A00C32479 /* UITextField+.swift */,
				E52D47CF22569556007F201E /* UIColor+.swift */,
				E5C87A7122E107E000E41A3A /* String+.swift */,
				E5C87A7322E1080E00E41A3A /* UIImage+.swift */,
			);
			name = Extension;
			path = "New Group";
			sourceTree = "<group>";
		};
		E5740903216B904D00C32479 /* Component */ = {
			isa = PBXGroup;
			children = (
				E52D47CD2255FBCC007F201E /* ShotClockSmallButton.swift */,
				E5925FEE2156F78100DEE34F /* ScoreSmallButton.swift */,
				E57408A6215773EA00C32479 /* ControlButton.swift */,
				E5C87A6822E09F7A00E41A3A /* BuzzerButton.swift */,
				E57408A421571AB800C32479 /* ResetButton.swift */,
				E52D47E1225AF86A007F201E /* ShotClockLabel.swift */,
				E52D47F22262962C007F201E /* GameTimeLabel.swift */,
				E57408E02160B7FA00C32479 /* ScoreLabel.swift */,
				E57408E22160BA7B00C32479 /* TeamLabel.swift */,
				E52D47EE225D80DD007F201E /* PossesionImageView.swift */,
				E52D47F0225D89D9007F201E /* FoulCountImageView.swift */,
				E52D47D12256BD40007F201E /* AlertDialog.swift */,
			);
			path = Component;
			sourceTree = "<group>";
		};
		E5A4B01A2155C31E0014BC65 /* Frameworks */ = {
			isa = PBXGroup;
			children = (
				E5A4B01B2155C31F0014BC65 /* AVFoundation.framework */,
			);
			name = Frameworks;
			sourceTree = "<group>";
		};
/* End PBXGroup section */

/* Begin PBXNativeTarget section */
		E57200312145B2ED00F84254 /* basket-manager */ = {
			isa = PBXNativeTarget;
			buildConfigurationList = E57200442145B2EF00F84254 /* Build configuration list for PBXNativeTarget "basket-manager" */;
			buildPhases = (
				E572002E2145B2ED00F84254 /* Sources */,
				E572002F2145B2ED00F84254 /* Frameworks */,
				E57200302145B2ED00F84254 /* Resources */,
			);
			buildRules = (
			);
			dependencies = (
			);
			name = "basket-manager";
			productName = "basket-manager";
			productReference = E57200322145B2ED00F84254 /* basket-manager.app */;
			productType = "com.apple.product-type.application";
		};
/* End PBXNativeTarget section */

/* Begin PBXProject section */
		E572002A2145B2ED00F84254 /* Project object */ = {
			isa = PBXProject;
			attributes = {
				LastSwiftUpdateCheck = 0940;
				LastUpgradeCheck = 0940;
				ORGANIZATIONNAME = "Nobuhiro Harada";
				TargetAttributes = {
					E57200312145B2ED00F84254 = {
						CreatedOnToolsVersion = 9.4;
						LastSwiftMigration = 1020;
					};
				};
			};
			buildConfigurationList = E572002D2145B2ED00F84254 /* Build configuration list for PBXProject "basket-manager" */;
			compatibilityVersion = "Xcode 9.3";
			developmentRegion = en;
			hasScannedForEncodings = 0;
			knownRegions = (
				en,
				Base,
				ja,
			);
			mainGroup = E57200292145B2ED00F84254;
			productRefGroup = E57200332145B2ED00F84254 /* Products */;
			projectDirPath = "";
			projectRoot = "";
			targets = (
				E57200312145B2ED00F84254 /* basket-manager */,
			);
		};
/* End PBXProject section */

/* Begin PBXResourcesBuildPhase section */
		E57200302145B2ED00F84254 /* Resources */ = {
			isa = PBXResourcesBuildPhase;
			buildActionMask = 2147483647;
			files = (
				E53C9F5122E122C300F9162C /* Localizable.strings in Resources */,
				E5ADEBAC234943B8004B7471 /* buzzer.mp3 in Resources */,
				E518C003218D7958000A3A05 /* Digital Dismay.otf in Resources */,
				E57200402145B2EF00F84254 /* LaunchScreen.storyboard in Resources */,
				E572003D2145B2EF00F84254 /* Assets.xcassets in Resources */,
			);
			runOnlyForDeploymentPostprocessing = 0;
		};
/* End PBXResourcesBuildPhase section */

/* Begin PBXSourcesBuildPhase section */
		E572002E2145B2ED00F84254 /* Sources */ = {
			isa = PBXSourcesBuildPhase;
			buildActionMask = 2147483647;
			files = (
				E57408F421674F1B00C32479 /* DateFormatter+.swift in Sources */,
				E52D47E02259D8FE007F201E /* GameTimeView.swift in Sources */,
				E57408E32160BA7B00C32479 /* TeamLabel.swift in Sources */,
				E57200382145B2ED00F84254 /* MainViewController.swift in Sources */,
				E52D47DA2258D8CF007F201E /* ScoreView.swift in Sources */,
				E52D47F1225D89D9007F201E /* FoulCountImageView.swift in Sources */,
				E52D47F32262962C007F201E /* GameTimeLabel.swift in Sources */,
				E52D47D22256BD40007F201E /* AlertDialog.swift in Sources */,
				E57200362145B2ED00F84254 /* AppDelegate.swift in Sources */,
				E57408E12160B7FA00C32479 /* ScoreLabel.swift in Sources */,
				E52D47EF225D80DD007F201E /* PossesionImageView.swift in Sources */,
				E57408F92167F04A00C32479 /* UITextField+.swift in Sources */,
				E52D47E2225AF86A007F201E /* ShotClockLabel.swift in Sources */,
				E52D47D022569556007F201E /* UIColor+.swift in Sources */,
				E52D47DE22593849007F201E /* ShotClockView.swift in Sources */,
				E5C87A6922E09F7A00E41A3A /* BuzzerButton.swift in Sources */,
				E52D47CE2255FBCC007F201E /* ShotClockSmallButton.swift in Sources */,
				E57408A7215773EA00C32479 /* ControlButton.swift in Sources */,
				E5925FEF2156F78100DEE34F /* ScoreSmallButton.swift in Sources */,
				E5C87A7422E1080E00E41A3A /* UIImage+.swift in Sources */,
				E5C87A7222E107E000E41A3A /* String+.swift in Sources */,
				E57408A521571AB800C32479 /* ResetButton.swift in Sources */,
			);
			runOnlyForDeploymentPostprocessing = 0;
		};
/* End PBXSourcesBuildPhase section */

/* Begin PBXVariantGroup section */
		E53C9F5322E122C300F9162C /* Localizable.strings */ = {
			isa = PBXVariantGroup;
			children = (
				E53C9F5222E122C300F9162C /* en */,
				E53C9F5422E122C600F9162C /* ja */,
			);
			name = Localizable.strings;
			path = ..;
			sourceTree = "<group>";
		};
		E572003E2145B2EF00F84254 /* LaunchScreen.storyboard */ = {
			isa = PBXVariantGroup;
			children = (
				E572003F2145B2EF00F84254 /* Base */,
				E5C87A6F22E1049000E41A3A /* ja */,
			);
			name = LaunchScreen.storyboard;
			sourceTree = "<group>";
		};
/* End PBXVariantGroup section */

/* Begin XCBuildConfiguration section */
		E57200422145B2EF00F84254 /* Debug */ = {
			isa = XCBuildConfiguration;
			buildSettings = {
				ALWAYS_SEARCH_USER_PATHS = NO;
				CLANG_ANALYZER_LOCALIZABILITY_NONLOCALIZED = YES;
				CLANG_ANALYZER_NONNULL = YES;
				CLANG_ANALYZER_NUMBER_OBJECT_CONVERSION = YES_AGGRESSIVE;
				CLANG_CXX_LANGUAGE_STANDARD = "gnu++14";
				CLANG_CXX_LIBRARY = "libc++";
				CLANG_ENABLE_MODULES = YES;
				CLANG_ENABLE_OBJC_ARC = YES;
				CLANG_ENABLE_OBJC_WEAK = YES;
				CLANG_WARN_BLOCK_CAPTURE_AUTORELEASING = YES;
				CLANG_WARN_BOOL_CONVERSION = YES;
				CLANG_WARN_COMMA = YES;
				CLANG_WARN_CONSTANT_CONVERSION = YES;
				CLANG_WARN_DEPRECATED_OBJC_IMPLEMENTATIONS = YES;
				CLANG_WARN_DIRECT_OBJC_ISA_USAGE = YES_ERROR;
				CLANG_WARN_DOCUMENTATION_COMMENTS = YES;
				CLANG_WARN_EMPTY_BODY = YES;
				CLANG_WARN_ENUM_CONVERSION = YES;
				CLANG_WARN_INFINITE_RECURSION = YES;
				CLANG_WARN_INT_CONVERSION = YES;
				CLANG_WARN_NON_LITERAL_NULL_CONVERSION = YES;
				CLANG_WARN_OBJC_IMPLICIT_RETAIN_SELF = YES;
				CLANG_WARN_OBJC_LITERAL_CONVERSION = YES;
				CLANG_WARN_OBJC_ROOT_CLASS = YES_ERROR;
				CLANG_WARN_RANGE_LOOP_ANALYSIS = YES;
				CLANG_WARN_STRICT_PROTOTYPES = YES;
				CLANG_WARN_SUSPICIOUS_MOVE = YES;
				CLANG_WARN_UNGUARDED_AVAILABILITY = YES_AGGRESSIVE;
				CLANG_WARN_UNREACHABLE_CODE = YES;
				CLANG_WARN__DUPLICATE_METHOD_MATCH = YES;
				CODE_SIGN_IDENTITY = "iPhone Developer";
				COPY_PHASE_STRIP = NO;
				DEBUG_INFORMATION_FORMAT = dwarf;
				ENABLE_STRICT_OBJC_MSGSEND = YES;
				ENABLE_TESTABILITY = YES;
				GCC_C_LANGUAGE_STANDARD = gnu11;
				GCC_DYNAMIC_NO_PIC = NO;
				GCC_NO_COMMON_BLOCKS = YES;
				GCC_OPTIMIZATION_LEVEL = 0;
				GCC_PREPROCESSOR_DEFINITIONS = (
					"DEBUG=1",
					"$(inherited)",
				);
				GCC_WARN_64_TO_32_BIT_CONVERSION = YES;
				GCC_WARN_ABOUT_RETURN_TYPE = YES_ERROR;
				GCC_WARN_UNDECLARED_SELECTOR = YES;
				GCC_WARN_UNINITIALIZED_AUTOS = YES_AGGRESSIVE;
				GCC_WARN_UNUSED_FUNCTION = YES;
				GCC_WARN_UNUSED_VARIABLE = YES;
				IPHONEOS_DEPLOYMENT_TARGET = 11.4;
				MTL_ENABLE_DEBUG_INFO = YES;
				ONLY_ACTIVE_ARCH = YES;
				SDKROOT = iphoneos;
				SWIFT_ACTIVE_COMPILATION_CONDITIONS = DEBUG;
				SWIFT_OPTIMIZATION_LEVEL = "-Onone";
			};
			name = Debug;
		};
		E57200432145B2EF00F84254 /* Release */ = {
			isa = XCBuildConfiguration;
			buildSettings = {
				ALWAYS_SEARCH_USER_PATHS = NO;
				CLANG_ANALYZER_LOCALIZABILITY_NONLOCALIZED = YES;
				CLANG_ANALYZER_NONNULL = YES;
				CLANG_ANALYZER_NUMBER_OBJECT_CONVERSION = YES_AGGRESSIVE;
				CLANG_CXX_LANGUAGE_STANDARD = "gnu++14";
				CLANG_CXX_LIBRARY = "libc++";
				CLANG_ENABLE_MODULES = YES;
				CLANG_ENABLE_OBJC_ARC = YES;
				CLANG_ENABLE_OBJC_WEAK = YES;
				CLANG_WARN_BLOCK_CAPTURE_AUTORELEASING = YES;
				CLANG_WARN_BOOL_CONVERSION = YES;
				CLANG_WARN_COMMA = YES;
				CLANG_WARN_CONSTANT_CONVERSION = YES;
				CLANG_WARN_DEPRECATED_OBJC_IMPLEMENTATIONS = YES;
				CLANG_WARN_DIRECT_OBJC_ISA_USAGE = YES_ERROR;
				CLANG_WARN_DOCUMENTATION_COMMENTS = YES;
				CLANG_WARN_EMPTY_BODY = YES;
				CLANG_WARN_ENUM_CONVERSION = YES;
				CLANG_WARN_INFINITE_RECURSION = YES;
				CLANG_WARN_INT_CONVERSION = YES;
				CLANG_WARN_NON_LITERAL_NULL_CONVERSION = YES;
				CLANG_WARN_OBJC_IMPLICIT_RETAIN_SELF = YES;
				CLANG_WARN_OBJC_LITERAL_CONVERSION = YES;
				CLANG_WARN_OBJC_ROOT_CLASS = YES_ERROR;
				CLANG_WARN_RANGE_LOOP_ANALYSIS = YES;
				CLANG_WARN_STRICT_PROTOTYPES = YES;
				CLANG_WARN_SUSPICIOUS_MOVE = YES;
				CLANG_WARN_UNGUARDED_AVAILABILITY = YES_AGGRESSIVE;
				CLANG_WARN_UNREACHABLE_CODE = YES;
				CLANG_WARN__DUPLICATE_METHOD_MATCH = YES;
				CODE_SIGN_IDENTITY = "iPhone Developer";
				COPY_PHASE_STRIP = NO;
				DEBUG_INFORMATION_FORMAT = "dwarf-with-dsym";
				ENABLE_NS_ASSERTIONS = NO;
				ENABLE_STRICT_OBJC_MSGSEND = YES;
				GCC_C_LANGUAGE_STANDARD = gnu11;
				GCC_NO_COMMON_BLOCKS = YES;
				GCC_WARN_64_TO_32_BIT_CONVERSION = YES;
				GCC_WARN_ABOUT_RETURN_TYPE = YES_ERROR;
				GCC_WARN_UNDECLARED_SELECTOR = YES;
				GCC_WARN_UNINITIALIZED_AUTOS = YES_AGGRESSIVE;
				GCC_WARN_UNUSED_FUNCTION = YES;
				GCC_WARN_UNUSED_VARIABLE = YES;
				IPHONEOS_DEPLOYMENT_TARGET = 11.4;
				MTL_ENABLE_DEBUG_INFO = NO;
				SDKROOT = iphoneos;
				SWIFT_COMPILATION_MODE = wholemodule;
				SWIFT_OPTIMIZATION_LEVEL = "-O";
				VALIDATE_PRODUCT = YES;
			};
			name = Release;
		};
		E57200452145B2EF00F84254 /* Debug */ = {
			isa = XCBuildConfiguration;
			buildSettings = {
				ASSETCATALOG_COMPILER_APPICON_NAME = AppIcon;
				CLANG_ENABLE_MODULES = YES;
				CODE_SIGN_IDENTITY = "iPhone Developer";
				CODE_SIGN_STYLE = Automatic;
				DEVELOPMENT_TEAM = L9QP98K44Z;
				INFOPLIST_FILE = "basket-manager/Info.plist";
				LD_RUNPATH_SEARCH_PATHS = (
					"$(inherited)",
					"@executable_path/Frameworks",
				);
				MARKETING_VERSION = 1.0.15;
				PRODUCT_BUNDLE_IDENTIFIER = "com.nobuhiroharada.basket-manager";
				PRODUCT_NAME = "$(TARGET_NAME)";
				PROVISIONING_PROFILE = "";
				PROVISIONING_PROFILE_SPECIFIER = "";
				SWIFT_OBJC_BRIDGING_HEADER = "";
				SWIFT_OPTIMIZATION_LEVEL = "-Onone";
				SWIFT_VERSION = 5.0;
				TARGETED_DEVICE_FAMILY = "1,2";
			};
			name = Debug;
		};
		E57200462145B2EF00F84254 /* Release */ = {
			isa = XCBuildConfiguration;
			buildSettings = {
				ASSETCATALOG_COMPILER_APPICON_NAME = AppIcon;
				CLANG_ENABLE_MODULES = YES;
				CODE_SIGN_IDENTITY = "iPhone Developer";
				CODE_SIGN_STYLE = Automatic;
				DEVELOPMENT_TEAM = L9QP98K44Z;
				INFOPLIST_FILE = "basket-manager/Info.plist";
				LD_RUNPATH_SEARCH_PATHS = (
					"$(inherited)",
					"@executable_path/Frameworks",
				);
				MARKETING_VERSION = 1.0.15;
				PRODUCT_BUNDLE_IDENTIFIER = "com.nobuhiroharada.basket-manager";
				PRODUCT_NAME = "$(TARGET_NAME)";
				PROVISIONING_PROFILE = "";
				PROVISIONING_PROFILE_SPECIFIER = "";
				SWIFT_OBJC_BRIDGING_HEADER = "";
				SWIFT_VERSION = 5.0;
				TARGETED_DEVICE_FAMILY = "1,2";
			};
			name = Release;
		};
/* End XCBuildConfiguration section */

/* Begin XCConfigurationList section */
		E572002D2145B2ED00F84254 /* Build configuration list for PBXProject "basket-manager" */ = {
			isa = XCConfigurationList;
			buildConfigurations = (
				E57200422145B2EF00F84254 /* Debug */,
				E57200432145B2EF00F84254 /* Release */,
			);
			defaultConfigurationIsVisible = 0;
			defaultConfigurationName = Release;
		};
		E57200442145B2EF00F84254 /* Build configuration list for PBXNativeTarget "basket-manager" */ = {
			isa = XCConfigurationList;
			buildConfigurations = (
				E57200452145B2EF00F84254 /* Debug */,
				E57200462145B2EF00F84254 /* Release */,
			);
			defaultConfigurationIsVisible = 0;
			defaultConfigurationName = Release;
		};
/* End XCConfigurationList section */
	};
	rootObject = E572002A2145B2ED00F84254 /* Project object */;
}
